
Microsoft Visual Studio Solution File, Format Version 12.00
# Visual Studio 14
VisualStudioVersion = 14.0.25420.1
MinimumVisualStudioVersion = 10.0.40219.1
Project("{00D1A9C2-B5F0-4AF3-8072-F6C62B433612}") = "Evault NetSuite", "Evault NetSuite\Evault NetSuite.sqlproj", "{988E47B8-4D32-4E92-A695-32658477E461}"
EndProject
Global
	GlobalSection(SolutionConfigurationPlatforms) = preSolution
		Debug|Any CPU = Debug|Any CPU
		Release|Any CPU = Release|Any CPU
	EndGlobalSection
	GlobalSection(ProjectConfigurationPlatforms) = postSolution
		{988E47B8-4D32-4E92-A695-32658477E461}.Debug|Any CPU.ActiveCfg = Debug|Any CPU
		{988E47B8-4D32-4E92-A695-32658477E461}.Debug|Any CPU.Build.0 = Debug|Any CPU
		{988E47B8-4D32-4E92-A695-32658477E461}.Debug|Any CPU.Deploy.0 = Debug|Any CPU
		{988E47B8-4D32-4E92-A695-32658477E461}.Release|Any CPU.ActiveCfg = Release|Any CPU
		{988E47B8-4D32-4E92-A695-32658477E461}.Release|Any CPU.Build.0 = Release|Any CPU
		{988E47B8-4D32-4E92-A695-32658477E461}.Release|Any CPU.Deploy.0 = Release|Any CPU
	EndGlobalSection
	GlobalSection(SolutionProperties) = preSolution
		HideSolutionNode = FALSE
	EndGlobalSection
EndGlobal
